
Microsoft Visual Studio Solution File, Format Version 12.00
# Visual Studio Version 16
VisualStudioVersion = 16.0.30002.166
MinimumVisualStudioVersion = 10.0.40219.1
Project("{2150E333-8FDC-42A3-9474-1A3956D46DE8}") = "Tests", "Tests", "{49AB74E3-FD6C-4F63-A9F6-E4F6507795FC}"
EndProject
Project("{2150E333-8FDC-42A3-9474-1A3956D46DE8}") = "Home", "Home", "{3BF02C72-6D0C-4575-9B51-4AB1D1AE681F}"
EndProject
Project("{FAE04EC0-301F-11D3-BF4B-00C04F79EFBC}") = "ActivityApp.Droid", "src\ActivityApp\Droid\ActivityApp.Droid.csproj", "{B05790DA-4CFA-4F60-87EB-FBFEF8D287B0}"
EndProject
Project("{D954291E-2A0B-460D-934E-DC6B0785DB48}") = "ActivityApp", "src\ActivityApp\ActivityApp\ActivityApp.shproj", "{2462BE48-B8B1-4B0E-B5DF-388ADF4F44B2}"
EndProject
Project("{FAE04EC0-301F-11D3-BF4B-00C04F79EFBC}") = "ActivityAppUITests", "Tests\ActivityAppUITests\ActivityAppUITests.csproj", "{8C0BD8F1-EFA4-4243-ADAB-63A9256EA744}"
EndProject
Project("{FAE04EC0-301F-11D3-BF4B-00C04F79EFBC}") = "ActivityAppUnitTests", "Tests\ActivityAppUnitTests\ActivityAppUnitTests.csproj", "{DEE91113-7BA1-464A-9BFC-96D4ACF032D6}"
EndProject
Global
	GlobalSection(SharedMSBuildProjectFiles) = preSolution
		src\ActivityApp\ActivityApp\ActivityApp.projitems*{2462be48-b8b1-4b0e-b5df-388adf4f44b2}*SharedItemsImports = 13
		src\ActivityApp\ActivityApp\ActivityApp.projitems*{b05790da-4cfa-4f60-87eb-fbfef8d287b0}*SharedItemsImports = 4
		src\ActivityApp\ActivityApp\ActivityApp.projitems*{c57fedd4-b635-4747-8e1c-e48c45b9f6c5}*SharedItemsImports = 5
	EndGlobalSection
	GlobalSection(SolutionConfigurationPlatforms) = preSolution
		Debug|Any CPU = Debug|Any CPU
		Debug|x86 = Debug|x86
		Release|Any CPU = Release|Any CPU
		Release|x86 = Release|x86
	EndGlobalSection
	GlobalSection(ProjectConfigurationPlatforms) = postSolution
		{B05790DA-4CFA-4F60-87EB-FBFEF8D287B0}.Debug|Any CPU.ActiveCfg = Debug|Any CPU
		{B05790DA-4CFA-4F60-87EB-FBFEF8D287B0}.Debug|Any CPU.Build.0 = Debug|Any CPU
		{B05790DA-4CFA-4F60-87EB-FBFEF8D287B0}.Debug|Any CPU.Deploy.0 = Debug|Any CPU
		{B05790DA-4CFA-4F60-87EB-FBFEF8D287B0}.Debug|x86.ActiveCfg = Debug|Any CPU
		{B05790DA-4CFA-4F60-87EB-FBFEF8D287B0}.Debug|x86.Build.0 = Debug|Any CPU
		{B05790DA-4CFA-4F60-87EB-FBFEF8D287B0}.Release|Any CPU.ActiveCfg = Release|Any CPU
		{B05790DA-4CFA-4F60-87EB-FBFEF8D287B0}.Release|Any CPU.Build.0 = Release|Any CPU
		{B05790DA-4CFA-4F60-87EB-FBFEF8D287B0}.Release|x86.ActiveCfg = Release|Any CPU
		{B05790DA-4CFA-4F60-87EB-FBFEF8D287B0}.Release|x86.Build.0 = Release|Any CPU
		{8C0BD8F1-EFA4-4243-ADAB-63A9256EA744}.Debug|Any CPU.ActiveCfg = Debug|Any CPU
		{8C0BD8F1-EFA4-4243-ADAB-63A9256EA744}.Debug|Any CPU.Build.0 = Debug|Any CPU
		{8C0BD8F1-EFA4-4243-ADAB-63A9256EA744}.Debug|x86.ActiveCfg = Debug|Any CPU
		{8C0BD8F1-EFA4-4243-ADAB-63A9256EA744}.Debug|x86.Build.0 = Debug|Any CPU
		{8C0BD8F1-EFA4-4243-ADAB-63A9256EA744}.Release|Any CPU.ActiveCfg = Release|Any CPU
		{8C0BD8F1-EFA4-4243-ADAB-63A9256EA744}.Release|Any CPU.Build.0 = Release|Any CPU
		{8C0BD8F1-EFA4-4243-ADAB-63A9256EA744}.Release|x86.ActiveCfg = Release|Any CPU
		{8C0BD8F1-EFA4-4243-ADAB-63A9256EA744}.Release|x86.Build.0 = Release|Any CPU
		{DEE91113-7BA1-464A-9BFC-96D4ACF032D6}.Debug|Any CPU.ActiveCfg = Debug|Any CPU
		{DEE91113-7BA1-464A-9BFC-96D4ACF032D6}.Debug|Any CPU.Build.0 = Debug|Any CPU
		{DEE91113-7BA1-464A-9BFC-96D4ACF032D6}.Debug|x86.ActiveCfg = Debug|Any CPU
		{DEE91113-7BA1-464A-9BFC-96D4ACF032D6}.Debug|x86.Build.0 = Debug|Any CPU
		{DEE91113-7BA1-464A-9BFC-96D4ACF032D6}.Release|Any CPU.ActiveCfg = Release|Any CPU
		{DEE91113-7BA1-464A-9BFC-96D4ACF032D6}.Release|Any CPU.Build.0 = Release|Any CPU
		{DEE91113-7BA1-464A-9BFC-96D4ACF032D6}.Release|x86.ActiveCfg = Release|Any CPU
		{DEE91113-7BA1-464A-9BFC-96D4ACF032D6}.Release|x86.Build.0 = Release|Any CPU
	EndGlobalSection
	GlobalSection(SolutionProperties) = preSolution
		HideSolutionNode = FALSE
	EndGlobalSection
	GlobalSection(NestedProjects) = preSolution
		{B05790DA-4CFA-4F60-87EB-FBFEF8D287B0} = {3BF02C72-6D0C-4575-9B51-4AB1D1AE681F}
		{2462BE48-B8B1-4B0E-B5DF-388ADF4F44B2} = {3BF02C72-6D0C-4575-9B51-4AB1D1AE681F}
		{8C0BD8F1-EFA4-4243-ADAB-63A9256EA744} = {49AB74E3-FD6C-4F63-A9F6-E4F6507795FC}
		{DEE91113-7BA1-464A-9BFC-96D4ACF032D6} = {49AB74E3-FD6C-4F63-A9F6-E4F6507795FC}
	EndGlobalSection
	GlobalSection(ExtensibilityGlobals) = postSolution
		SolutionGuid = {8A0E7A1B-D376-4ABC-A3A5-7AD2A71A0ABD}
	EndGlobalSection
EndGlobal
