
Microsoft Visual Studio Solution File, Format Version 12.00
# Visual Studio 15
VisualStudioVersion = 15.0.28010.2046
MinimumVisualStudioVersion = 10.0.40219.1
Project("{FAE04EC0-301F-11D3-BF4B-00C04F79EFBC}") = "SleepMonitor.Droid", "SleepMonitor\SleepMonitor.Droid.csproj", "{B05790DA-4CFA-4F60-87EB-FBFEF8D287B0}"
	ProjectSection(ProjectDependencies) = postProject
		{2209BBCD-5C30-4E09-9B6A-A91C12D3B4AF} = {2209BBCD-5C30-4E09-9B6A-A91C12D3B4AF}
	EndProjectSection
EndProject
Project("{2150E333-8FDC-42A3-9474-1A3956D46DE8}") = "Home", "Home", "{CAA54FBB-F99C-419E-A00E-D27AC27FA7C5}"
EndProject
Project("{9A19103F-16F7-4668-BE54-9A1E7A4F7556}") = "SleepMonitorTests", "SleepMonitorTests\SleepMonitorTests.csproj", "{2209BBCD-5C30-4E09-9B6A-A91C12D3B4AF}"
EndProject
Project("{2150E333-8FDC-42A3-9474-1A3956D46DE8}") = "Tests", "Tests", "{49AB74E3-FD6C-4F63-A9F6-E4F6507795FC}"
EndProject
Global
	GlobalSection(SolutionConfigurationPlatforms) = preSolution
		Debug|Any CPU = Debug|Any CPU
		Release|Any CPU = Release|Any CPU
	EndGlobalSection
	GlobalSection(ProjectConfigurationPlatforms) = postSolution
		{B05790DA-4CFA-4F60-87EB-FBFEF8D287B0}.Debug|Any CPU.ActiveCfg = Debug|Any CPU
		{B05790DA-4CFA-4F60-87EB-FBFEF8D287B0}.Debug|Any CPU.Build.0 = Debug|Any CPU
		{B05790DA-4CFA-4F60-87EB-FBFEF8D287B0}.Debug|Any CPU.Deploy.0 = Debug|Any CPU
		{B05790DA-4CFA-4F60-87EB-FBFEF8D287B0}.Release|Any CPU.ActiveCfg = Release|Any CPU
		{B05790DA-4CFA-4F60-87EB-FBFEF8D287B0}.Release|Any CPU.Build.0 = Release|Any CPU
		{B05790DA-4CFA-4F60-87EB-FBFEF8D287B0}.Release|Any CPU.Deploy.0 = Release|Any CPU
		{2209BBCD-5C30-4E09-9B6A-A91C12D3B4AF}.Debug|Any CPU.ActiveCfg = Debug|Any CPU
		{2209BBCD-5C30-4E09-9B6A-A91C12D3B4AF}.Debug|Any CPU.Build.0 = Debug|Any CPU
		{2209BBCD-5C30-4E09-9B6A-A91C12D3B4AF}.Release|Any CPU.ActiveCfg = Release|Any CPU
		{2209BBCD-5C30-4E09-9B6A-A91C12D3B4AF}.Release|Any CPU.Build.0 = Release|Any CPU
	EndGlobalSection
	GlobalSection(SolutionProperties) = preSolution
		HideSolutionNode = FALSE
	EndGlobalSection
	GlobalSection(NestedProjects) = preSolution
		{B05790DA-4CFA-4F60-87EB-FBFEF8D287B0} = {CAA54FBB-F99C-419E-A00E-D27AC27FA7C5}
		{2209BBCD-5C30-4E09-9B6A-A91C12D3B4AF} = {49AB74E3-FD6C-4F63-A9F6-E4F6507795FC}
	EndGlobalSection
	GlobalSection(ExtensibilityGlobals) = postSolution
		SolutionGuid = {8A0E7A1B-D376-4ABC-A3A5-7AD2A71A0ABD}
	EndGlobalSection
EndGlobal
